
Microsoft Visual Studio Solution File, Format Version 12.00
# Visual Studio Version 17
VisualStudioVersion = 17.3.32922.545
MinimumVisualStudioVersion = 10.0.40219.1
Project("{FAE04EC0-301F-11D3-BF4B-00C04F79EFBC}") = "Rectangles", "Rectangles\Rectangles.csproj", "{E8B0D136-D22F-4550-A136-BB577FCBEC8F}"
EndProject
Project("{2150E333-8FDC-42A3-9474-1A3956D46DE8}") = "if-else", "if-else", "{5AEA90BD-F435-4E6C-8885-509738319E7B}"
EndProject
Project("{FAE04EC0-301F-11D3-BF4B-00C04F79EFBC}") = "Distance", "Distance\Distance.csproj", "{A7607F62-2517-4779-84D4-3D378809A97E}"
EndProject
Project("{2150E333-8FDC-42A3-9474-1A3956D46DE8}") = "Loops", "Loops", "{EC245360-1D6B-4424-8118-0C98AC187A4C}"
EndProject
Project("{2150E333-8FDC-42A3-9474-1A3956D46DE8}") = "Collections, strings, files", "Collections, strings, files", "{89833603-B639-4A97-A74C-5F3D7E729D3E}"
EndProject
Project("{FAE04EC0-301F-11D3-BF4B-00C04F79EFBC}") = "TextAnalysis", "TextAnalysis\TextAnalysis.csproj", "{E7F5D985-677D-4246-BA75-4BAE24DF38B5}"
EndProject
Project("{2150E333-8FDC-42A3-9474-1A3956D46DE8}") = "Testing", "Testing", "{13D0AEB1-0749-4EE9-AB05-1620AE603362}"
EndProject
Project("{2150E333-8FDC-42A3-9474-1A3956D46DE8}") = "Arrays", "Arrays", "{EECB7329-A31A-416F-89D6-E97F62242CDF}"
EndProject
Project("{FAE04EC0-301F-11D3-BF4B-00C04F79EFBC}") = "Names", "Names\Names.csproj", "{616230F0-26C5-4954-8A86-827F1C3E72ED}"
EndProject
Project("{9A19103F-16F7-4668-BE54-9A1E7A4F7556}") = "ArrayShift", "ArrayShift\ArrayShift.csproj", "{7398920E-C6E5-4446-B769-53E2A05D49A3}"
EndProject
Project("{FAE04EC0-301F-11D3-BF4B-00C04F79EFBC}") = "table-parser", "table-parser\table-parser.csproj", "{46300163-1BDE-4535-B5A1-60A599CE0A25}"
EndProject
Project("{FAE04EC0-301F-11D3-BF4B-00C04F79EFBC}") = "Mazes", "Mazes\Mazes.csproj", "{84C0439A-B05A-4BFC-A73E-BA1F99953814}"
EndProject
Project("{FAE04EC0-301F-11D3-BF4B-00C04F79EFBC}") = "DragonFractal", "DragonFractal\DragonFractal.csproj", "{1BE7005E-6AE9-4587-9FE7-62EE40CE3E4A}"
EndProject
Global
	GlobalSection(SolutionConfigurationPlatforms) = preSolution
		Debug|Any CPU = Debug|Any CPU
		Release|Any CPU = Release|Any CPU
	EndGlobalSection
	GlobalSection(ProjectConfigurationPlatforms) = postSolution
		{E8B0D136-D22F-4550-A136-BB577FCBEC8F}.Debug|Any CPU.ActiveCfg = Debug|Any CPU
		{E8B0D136-D22F-4550-A136-BB577FCBEC8F}.Debug|Any CPU.Build.0 = Debug|Any CPU
		{E8B0D136-D22F-4550-A136-BB577FCBEC8F}.Release|Any CPU.ActiveCfg = Release|Any CPU
		{E8B0D136-D22F-4550-A136-BB577FCBEC8F}.Release|Any CPU.Build.0 = Release|Any CPU
		{A7607F62-2517-4779-84D4-3D378809A97E}.Debug|Any CPU.ActiveCfg = Debug|Any CPU
		{A7607F62-2517-4779-84D4-3D378809A97E}.Debug|Any CPU.Build.0 = Debug|Any CPU
		{A7607F62-2517-4779-84D4-3D378809A97E}.Release|Any CPU.ActiveCfg = Release|Any CPU
		{A7607F62-2517-4779-84D4-3D378809A97E}.Release|Any CPU.Build.0 = Release|Any CPU
		{E7F5D985-677D-4246-BA75-4BAE24DF38B5}.Debug|Any CPU.ActiveCfg = Debug|Any CPU
		{E7F5D985-677D-4246-BA75-4BAE24DF38B5}.Debug|Any CPU.Build.0 = Debug|Any CPU
		{E7F5D985-677D-4246-BA75-4BAE24DF38B5}.Release|Any CPU.ActiveCfg = Release|Any CPU
		{E7F5D985-677D-4246-BA75-4BAE24DF38B5}.Release|Any CPU.Build.0 = Release|Any CPU
		{616230F0-26C5-4954-8A86-827F1C3E72ED}.Debug|Any CPU.ActiveCfg = Debug|Any CPU
		{616230F0-26C5-4954-8A86-827F1C3E72ED}.Debug|Any CPU.Build.0 = Debug|Any CPU
		{616230F0-26C5-4954-8A86-827F1C3E72ED}.Release|Any CPU.ActiveCfg = Release|Any CPU
		{616230F0-26C5-4954-8A86-827F1C3E72ED}.Release|Any CPU.Build.0 = Release|Any CPU
		{7398920E-C6E5-4446-B769-53E2A05D49A3}.Debug|Any CPU.ActiveCfg = Debug|Any CPU
		{7398920E-C6E5-4446-B769-53E2A05D49A3}.Debug|Any CPU.Build.0 = Debug|Any CPU
		{7398920E-C6E5-4446-B769-53E2A05D49A3}.Release|Any CPU.ActiveCfg = Release|Any CPU
		{7398920E-C6E5-4446-B769-53E2A05D49A3}.Release|Any CPU.Build.0 = Release|Any CPU
		{46300163-1BDE-4535-B5A1-60A599CE0A25}.Debug|Any CPU.ActiveCfg = Debug|Any CPU
		{46300163-1BDE-4535-B5A1-60A599CE0A25}.Debug|Any CPU.Build.0 = Debug|Any CPU
		{46300163-1BDE-4535-B5A1-60A599CE0A25}.Release|Any CPU.ActiveCfg = Release|Any CPU
		{46300163-1BDE-4535-B5A1-60A599CE0A25}.Release|Any CPU.Build.0 = Release|Any CPU
		{84C0439A-B05A-4BFC-A73E-BA1F99953814}.Debug|Any CPU.ActiveCfg = Debug|Any CPU
		{84C0439A-B05A-4BFC-A73E-BA1F99953814}.Debug|Any CPU.Build.0 = Debug|Any CPU
		{84C0439A-B05A-4BFC-A73E-BA1F99953814}.Release|Any CPU.ActiveCfg = Release|Any CPU
		{84C0439A-B05A-4BFC-A73E-BA1F99953814}.Release|Any CPU.Build.0 = Release|Any CPU
		{1BE7005E-6AE9-4587-9FE7-62EE40CE3E4A}.Debug|Any CPU.ActiveCfg = Debug|Any CPU
		{1BE7005E-6AE9-4587-9FE7-62EE40CE3E4A}.Debug|Any CPU.Build.0 = Debug|Any CPU
		{1BE7005E-6AE9-4587-9FE7-62EE40CE3E4A}.Release|Any CPU.ActiveCfg = Release|Any CPU
		{1BE7005E-6AE9-4587-9FE7-62EE40CE3E4A}.Release|Any CPU.Build.0 = Release|Any CPU
	EndGlobalSection
	GlobalSection(SolutionProperties) = preSolution
		HideSolutionNode = FALSE
	EndGlobalSection
	GlobalSection(NestedProjects) = preSolution
		{E8B0D136-D22F-4550-A136-BB577FCBEC8F} = {5AEA90BD-F435-4E6C-8885-509738319E7B}
		{A7607F62-2517-4779-84D4-3D378809A97E} = {5AEA90BD-F435-4E6C-8885-509738319E7B}
		{E7F5D985-677D-4246-BA75-4BAE24DF38B5} = {89833603-B639-4A97-A74C-5F3D7E729D3E}
		{616230F0-26C5-4954-8A86-827F1C3E72ED} = {EECB7329-A31A-416F-89D6-E97F62242CDF}
		{7398920E-C6E5-4446-B769-53E2A05D49A3} = {EECB7329-A31A-416F-89D6-E97F62242CDF}
		{46300163-1BDE-4535-B5A1-60A599CE0A25} = {13D0AEB1-0749-4EE9-AB05-1620AE603362}
		{84C0439A-B05A-4BFC-A73E-BA1F99953814} = {EC245360-1D6B-4424-8118-0C98AC187A4C}
		{1BE7005E-6AE9-4587-9FE7-62EE40CE3E4A} = {EC245360-1D6B-4424-8118-0C98AC187A4C}
	EndGlobalSection
	GlobalSection(ExtensibilityGlobals) = postSolution
		SolutionGuid = {FC91B741-5FCF-40BD-AAB9-45492511D2D4}
	EndGlobalSection
EndGlobal
