
Microsoft Visual Studio Solution File, Format Version 12.00
# Visual Studio Version 17
VisualStudioVersion = 17.2.32630.192
MinimumVisualStudioVersion = 10.0.40219.1
Project("{FAE04EC0-301F-11D3-BF4B-00C04F79EFBC}") = "Head-First-CS", "Head-First-CS\Head-First-CS.csproj", "{CD50EAAD-B467-4CF5-8B99-C9B3F39BB079}"
EndProject
Global
	GlobalSection(SolutionConfigurationPlatforms) = preSolution
		Debug|Any CPU = Debug|Any CPU
		Release|Any CPU = Release|Any CPU
	EndGlobalSection
	GlobalSection(ProjectConfigurationPlatforms) = postSolution
		{CD50EAAD-B467-4CF5-8B99-C9B3F39BB079}.Debug|Any CPU.ActiveCfg = Debug|Any CPU
		{CD50EAAD-B467-4CF5-8B99-C9B3F39BB079}.Debug|Any CPU.Build.0 = Debug|Any CPU
		{CD50EAAD-B467-4CF5-8B99-C9B3F39BB079}.Release|Any CPU.ActiveCfg = Release|Any CPU
		{CD50EAAD-B467-4CF5-8B99-C9B3F39BB079}.Release|Any CPU.Build.0 = Release|Any CPU
	EndGlobalSection
	GlobalSection(SolutionProperties) = preSolution
		HideSolutionNode = FALSE
	EndGlobalSection
	GlobalSection(ExtensibilityGlobals) = postSolution
		SolutionGuid = {6A6423F4-06EC-493B-BD51-E4E55BCE010F}
	EndGlobalSection
EndGlobal
